Microsoft Visual Studio Solution File, Format Version 12.00
# Visual Studio Version 17
VisualStudioVersion = 17.5.2.0
MinimumVisualStudioVersion = 10.0.40219.1
Project("{FAE04EC0-301F-11D3-BF4B-00C04F79EFBC}") = "JobTracker.API", "JobTracker.API\JobTracker.API.csproj", "{EB1672C5-E0FE-F801-4C43-7CC044EA167B}"
EndProject
Global
	GlobalSection(SolutionConfigurationPlatforms) = preSolution
		Debug|Any CPU = Debug|Any CPU
		Release|Any CPU = Release|Any CPU
	EndGlobalSection
	GlobalSection(ProjectConfigurationPlatforms) = postSolution
		{EB1672C5-E0FE-F801-4C43-7CC044EA167B}.Debug|Any CPU.ActiveCfg = Debug|Any CPU
		{EB1672C5-E0FE-F801-4C43-7CC044EA167B}.Debug|Any CPU.Build.0 = Debug|Any CPU
		{EB1672C5-E0FE-F801-4C43-7CC044EA167B}.Release|Any CPU.ActiveCfg = Release|Any CPU
		{EB1672C5-E0FE-F801-4C43-7CC044EA167B}.Release|Any CPU.Build.0 = Release|Any CPU
	EndGlobalSection
	GlobalSection(SolutionProperties) = preSolution
		HideSolutionNode = FALSE
	EndGlobalSection
	GlobalSection(ExtensibilityGlobals) = postSolution
		SolutionGuid = {88E4219F-1025-4FE1-AAFD-205775F8FE61}
	EndGlobalSection
EndGlobal
